
Microsoft Visual Studio Solution File, Format Version 12.00
# Visual Studio 15
VisualStudioVersion = 15.0.26730.12
MinimumVisualStudioVersion = 10.0.40219.1
Project("{FAE04EC0-301F-11D3-BF4B-00C04F79EFBC}") = "Practica_Formulario.Android", "Practica Formulario\Practica_Formulario.Android\Practica_Formulario.Android.csproj", "{66655BE3-7ED9-45DB-9034-8A089C1439D2}"
EndProject
Project("{FAE04EC0-301F-11D3-BF4B-00C04F79EFBC}") = "Practica_Formulario", "Practica Formulario\Practica_Formulario\Practica_Formulario.csproj", "{7A80019B-1D47-4415-8763-D7C3ED9CC613}"
EndProject
Project("{FAE04EC0-301F-11D3-BF4B-00C04F79EFBC}") = "Practica_Formulario.UWP", "Practica Formulario\Practica_Formulario.UWP\Practica_Formulario.UWP.csproj", "{FF317ABF-F7A9-443B-B00C-88B18A8C028C}"
EndProject
Project("{FAE04EC0-301F-11D3-BF4B-00C04F79EFBC}") = "Practica_Formulario.iOS", "Practica Formulario\Practica_Formulario.iOS\Practica_Formulario.iOS.csproj", "{F2FEBC97-763F-42E0-8057-B451A76E7E1C}"
EndProject
Global
	GlobalSection(SolutionConfigurationPlatforms) = preSolution
		Ad-Hoc|Any CPU = Ad-Hoc|Any CPU
		Ad-Hoc|ARM = Ad-Hoc|ARM
		Ad-Hoc|iPhone = Ad-Hoc|iPhone
		Ad-Hoc|iPhoneSimulator = Ad-Hoc|iPhoneSimulator
		Ad-Hoc|x64 = Ad-Hoc|x64
		Ad-Hoc|x86 = Ad-Hoc|x86
		AppStore|Any CPU = AppStore|Any CPU
		AppStore|ARM = AppStore|ARM
		AppStore|iPhone = AppStore|iPhone
		AppStore|iPhoneSimulator = AppStore|iPhoneSimulator
		AppStore|x64 = AppStore|x64
		AppStore|x86 = AppStore|x86
		Debug|Any CPU = Debug|Any CPU
		Debug|ARM = Debug|ARM
		Debug|iPhone = Debug|iPhone
		Debug|iPhoneSimulator = Debug|iPhoneSimulator
		Debug|x64 = Debug|x64
		Debug|x86 = Debug|x86
		Release|Any CPU = Release|Any CPU
		Release|ARM = Release|ARM
		Release|iPhone = Release|iPhone
		Release|iPhoneSimulator = Release|iPhoneSimulator
		Release|x64 = Release|x64
		Release|x86 = Release|x86
	EndGlobalSection
	GlobalSection(ProjectConfigurationPlatforms) = postSolution
		{66655BE3-7ED9-45DB-9034-8A089C1439D2}.Ad-Hoc|Any CPU.ActiveCfg = Release|Any CPU
		{66655BE3-7ED9-45DB-9034-8A089C1439D2}.Ad-Hoc|Any CPU.Build.0 = Release|Any CPU
		{66655BE3-7ED9-45DB-9034-8A089C1439D2}.Ad-Hoc|Any CPU.Deploy.0 = Release|Any CPU
		{66655BE3-7ED9-45DB-9034-8A089C1439D2}.Ad-Hoc|ARM.ActiveCfg = Release|Any CPU
		{66655BE3-7ED9-45DB-9034-8A089C1439D2}.Ad-Hoc|ARM.Build.0 = Release|Any CPU
		{66655BE3-7ED9-45DB-9034-8A089C1439D2}.Ad-Hoc|ARM.Deploy.0 = Release|Any CPU
		{66655BE3-7ED9-45DB-9034-8A089C1439D2}.Ad-Hoc|iPhone.ActiveCfg = Release|Any CPU
		{66655BE3-7ED9-45DB-9034-8A089C1439D2}.Ad-Hoc|iPhone.Build.0 = Release|Any CPU
		{66655BE3-7ED9-45DB-9034-8A089C1439D2}.Ad-Hoc|iPhone.Deploy.0 = Release|Any CPU
		{66655BE3-7ED9-45DB-9034-8A089C1439D2}.Ad-Hoc|iPhoneSimulator.ActiveCfg = Release|Any CPU
		{66655BE3-7ED9-45DB-9034-8A089C1439D2}.Ad-Hoc|iPhoneSimulator.Build.0 = Release|Any CPU
		{66655BE3-7ED9-45DB-9034-8A089C1439D2}.Ad-Hoc|iPhoneSimulator.Deploy.0 = Release|Any CPU
		{66655BE3-7ED9-45DB-9034-8A089C1439D2}.Ad-Hoc|x64.ActiveCfg = Release|Any CPU
		{66655BE3-7ED9-45DB-9034-8A089C1439D2}.Ad-Hoc|x64.Build.0 = Release|Any CPU
		{66655BE3-7ED9-45DB-9034-8A089C1439D2}.Ad-Hoc|x64.Deploy.0 = Release|Any CPU
		{66655BE3-7ED9-45DB-9034-8A089C1439D2}.Ad-Hoc|x86.ActiveCfg = Release|Any CPU
		{66655BE3-7ED9-45DB-9034-8A089C1439D2}.Ad-Hoc|x86.Build.0 = Release|Any CPU
		{66655BE3-7ED9-45DB-9034-8A089C1439D2}.Ad-Hoc|x86.Deploy.0 = Release|Any CPU
		{66655BE3-7ED9-45DB-9034-8A089C1439D2}.AppStore|Any CPU.ActiveCfg = Release|Any CPU
		{66655BE3-7ED9-45DB-9034-8A089C1439D2}.AppStore|Any CPU.Build.0 = Release|Any CPU
		{66655BE3-7ED9-45DB-9034-8A089C1439D2}.AppStore|Any CPU.Deploy.0 = Release|Any CPU
		{66655BE3-7ED9-45DB-9034-8A089C1439D2}.AppStore|ARM.ActiveCfg = Release|Any CPU
		{66655BE3-7ED9-45DB-9034-8A089C1439D2}.AppStore|ARM.Build.0 = Release|Any CPU
		{66655BE3-7ED9-45DB-9034-8A089C1439D2}.AppStore|ARM.Deploy.0 = Release|Any CPU
		{66655BE3-7ED9-45DB-9034-8A089C1439D2}.AppStore|iPhone.ActiveCfg = Release|Any CPU
		{66655BE3-7ED9-45DB-9034-8A089C1439D2}.AppStore|iPhone.Build.0 = Release|Any CPU
		{66655BE3-7ED9-45DB-9034-8A089C1439D2}.AppStore|iPhone.Deploy.0 = Release|Any CPU
		{66655BE3-7ED9-45DB-9034-8A089C1439D2}.AppStore|iPhoneSimulator.ActiveCfg = Release|Any CPU
		{66655BE3-7ED9-45DB-9034-8A089C1439D2}.AppStore|iPhoneSimulator.Build.0 = Release|Any CPU
		{66655BE3-7ED9-45DB-9034-8A089C1439D2}.AppStore|iPhoneSimulator.Deploy.0 = Release|Any CPU
		{66655BE3-7ED9-45DB-9034-8A089C1439D2}.AppStore|x64.ActiveCfg = Release|Any CPU
		{66655BE3-7ED9-45DB-9034-8A089C1439D2}.AppStore|x64.Build.0 = Release|Any CPU
		{66655BE3-7ED9-45DB-9034-8A089C1439D2}.AppStore|x64.Deploy.0 = Release|Any CPU
		{66655BE3-7ED9-45DB-9034-8A089C1439D2}.AppStore|x86.ActiveCfg = Release|Any CPU
		{66655BE3-7ED9-45DB-9034-8A089C1439D2}.AppStore|x86.Build.0 = Release|Any CPU
		{66655BE3-7ED9-45DB-9034-8A089C1439D2}.AppStore|x86.Deploy.0 = Release|Any CPU
		{66655BE3-7ED9-45DB-9034-8A089C1439D2}.Debug|Any CPU.ActiveCfg = Debug|Any CPU
		{66655BE3-7ED9-45DB-9034-8A089C1439D2}.Debug|Any CPU.Build.0 = Debug|Any CPU
		{66655BE3-7ED9-45DB-9034-8A089C1439D2}.Debug|Any CPU.Deploy.0 = Debug|Any CPU
		{66655BE3-7ED9-45DB-9034-8A089C1439D2}.Debug|ARM.ActiveCfg = Debug|Any CPU
		{66655BE3-7ED9-45DB-9034-8A089C1439D2}.Debug|ARM.Build.0 = Debug|Any CPU
		{66655BE3-7ED9-45DB-9034-8A089C1439D2}.Debug|ARM.Deploy.0 = Debug|Any CPU
		{66655BE3-7ED9-45DB-9034-8A089C1439D2}.Debug|iPhone.ActiveCfg = Debug|Any CPU
		{66655BE3-7ED9-45DB-9034-8A089C1439D2}.Debug|iPhone.Build.0 = Debug|Any CPU
		{66655BE3-7ED9-45DB-9034-8A089C1439D2}.Debug|iPhone.Deploy.0 = Debug|Any CPU
		{66655BE3-7ED9-45DB-9034-8A089C1439D2}.Debug|iPhoneSimulator.ActiveCfg = Debug|Any CPU
		{66655BE3-7ED9-45DB-9034-8A089C1439D2}.Debug|iPhoneSimulator.Build.0 = Debug|Any CPU
		{66655BE3-7ED9-45DB-9034-8A089C1439D2}.Debug|iPhoneSimulator.Deploy.0 = Debug|Any CPU
		{66655BE3-7ED9-45DB-9034-8A089C1439D2}.Debug|x64.ActiveCfg = Debug|Any CPU
		{66655BE3-7ED9-45DB-9034-8A089C1439D2}.Debug|x64.Build.0 = Debug|Any CPU
		{66655BE3-7ED9-45DB-9034-8A089C1439D2}.Debug|x64.Deploy.0 = Debug|Any CPU
		{66655BE3-7ED9-45DB-9034-8A089C1439D2}.Debug|x86.ActiveCfg = Debug|Any CPU
		{66655BE3-7ED9-45DB-9034-8A089C1439D2}.Debug|x86.Build.0 = Debug|Any CPU
		{66655BE3-7ED9-45DB-9034-8A089C1439D2}.Debug|x86.Deploy.0 = Debug|Any CPU
		{66655BE3-7ED9-45DB-9034-8A089C1439D2}.Release|Any CPU.ActiveCfg = Release|Any CPU
		{66655BE3-7ED9-45DB-9034-8A089C1439D2}.Release|Any CPU.Build.0 = Release|Any CPU
		{66655BE3-7ED9-45DB-9034-8A089C1439D2}.Release|Any CPU.Deploy.0 = Release|Any CPU
		{66655BE3-7ED9-45DB-9034-8A089C1439D2}.Release|ARM.ActiveCfg = Release|Any CPU
		{66655BE3-7ED9-45DB-9034-8A089C1439D2}.Release|ARM.Build.0 = Release|Any CPU
		{66655BE3-7ED9-45DB-9034-8A089C1439D2}.Release|ARM.Deploy.0 = Release|Any CPU
		{66655BE3-7ED9-45DB-9034-8A089C1439D2}.Release|iPhone.ActiveCfg = Release|Any CPU
		{66655BE3-7ED9-45DB-9034-8A089C1439D2}.Release|iPhone.Build.0 = Release|Any CPU
		{66655BE3-7ED9-45DB-9034-8A089C1439D2}.Release|iPhone.Deploy.0 = Release|Any CPU
		{66655BE3-7ED9-45DB-9034-8A089C1439D2}.Release|iPhoneSimulator.ActiveCfg = Release|Any CPU
		{66655BE3-7ED9-45DB-9034-8A089C1439D2}.Release|iPhoneSimulator.Build.0 = Release|Any CPU
		{66655BE3-7ED9-45DB-9034-8A089C1439D2}.Release|iPhoneSimulator.Deploy.0 = Release|Any CPU
		{66655BE3-7ED9-45DB-9034-8A089C1439D2}.Release|x64.ActiveCfg = Release|Any CPU
		{66655BE3-7ED9-45DB-9034-8A089C1439D2}.Release|x64.Build.0 = Release|Any CPU
		{66655BE3-7ED9-45DB-9034-8A089C1439D2}.Release|x64.Deploy.0 = Release|Any CPU
		{66655BE3-7ED9-45DB-9034-8A089C1439D2}.Release|x86.ActiveCfg = Release|Any CPU
		{66655BE3-7ED9-45DB-9034-8A089C1439D2}.Release|x86.Build.0 = Release|Any CPU
		{66655BE3-7ED9-45DB-9034-8A089C1439D2}.Release|x86.Deploy.0 = Release|Any CPU
		{7A80019B-1D47-4415-8763-D7C3ED9CC613}.Ad-Hoc|Any CPU.ActiveCfg = Release|Any CPU
		{7A80019B-1D47-4415-8763-D7C3ED9CC613}.Ad-Hoc|Any CPU.Build.0 = Release|Any CPU
		{7A80019B-1D47-4415-8763-D7C3ED9CC613}.Ad-Hoc|ARM.ActiveCfg = Release|Any CPU
		{7A80019B-1D47-4415-8763-D7C3ED9CC613}.Ad-Hoc|ARM.Build.0 = Release|Any CPU
		{7A80019B-1D47-4415-8763-D7C3ED9CC613}.Ad-Hoc|iPhone.ActiveCfg = Release|Any CPU
		{7A80019B-1D47-4415-8763-D7C3ED9CC613}.Ad-Hoc|iPhone.Build.0 = Release|Any CPU
		{7A80019B-1D47-4415-8763-D7C3ED9CC613}.Ad-Hoc|iPhoneSimulator.ActiveCfg = Release|Any CPU
		{7A80019B-1D47-4415-8763-D7C3ED9CC613}.Ad-Hoc|iPhoneSimulator.Build.0 = Release|Any CPU
		{7A80019B-1D47-4415-8763-D7C3ED9CC613}.Ad-Hoc|x64.ActiveCfg = Release|Any CPU
		{7A80019B-1D47-4415-8763-D7C3ED9CC613}.Ad-Hoc|x64.Build.0 = Release|Any CPU
		{7A80019B-1D47-4415-8763-D7C3ED9CC613}.Ad-Hoc|x86.ActiveCfg = Release|Any CPU
		{7A80019B-1D47-4415-8763-D7C3ED9CC613}.Ad-Hoc|x86.Build.0 = Release|Any CPU
		{7A80019B-1D47-4415-8763-D7C3ED9CC613}.AppStore|Any CPU.ActiveCfg = Release|Any CPU
		{7A80019B-1D47-4415-8763-D7C3ED9CC613}.AppStore|Any CPU.Build.0 = Release|Any CPU
		{7A80019B-1D47-4415-8763-D7C3ED9CC613}.AppStore|ARM.ActiveCfg = Release|Any CPU
		{7A80019B-1D47-4415-8763-D7C3ED9CC613}.AppStore|ARM.Build.0 = Release|Any CPU
		{7A80019B-1D47-4415-8763-D7C3ED9CC613}.AppStore|iPhone.ActiveCfg = Release|Any CPU
		{7A80019B-1D47-4415-8763-D7C3ED9CC613}.AppStore|iPhone.Build.0 = Release|Any CPU
		{7A80019B-1D47-4415-8763-D7C3ED9CC613}.AppStore|iPhoneSimulator.ActiveCfg = Release|Any CPU
		{7A80019B-1D47-4415-8763-D7C3ED9CC613}.AppStore|iPhoneSimulator.Build.0 = Release|Any CPU
		{7A80019B-1D47-4415-8763-D7C3ED9CC613}.AppStore|x64.ActiveCfg = Release|Any CPU
		{7A80019B-1D47-4415-8763-D7C3ED9CC613}.AppStore|x64.Build.0 = Release|Any CPU
		{7A80019B-1D47-4415-8763-D7C3ED9CC613}.AppStore|x86.ActiveCfg = Release|Any CPU
		{7A80019B-1D47-4415-8763-D7C3ED9CC613}.AppStore|x86.Build.0 = Release|Any CPU
		{7A80019B-1D47-4415-8763-D7C3ED9CC613}.Debug|Any CPU.ActiveCfg = Debug|Any CPU
		{7A80019B-1D47-4415-8763-D7C3ED9CC613}.Debug|Any CPU.Build.0 = Debug|Any CPU
		{7A80019B-1D47-4415-8763-D7C3ED9CC613}.Debug|ARM.ActiveCfg = Debug|Any CPU
		{7A80019B-1D47-4415-8763-D7C3ED9CC613}.Debug|ARM.Build.0 = Debug|Any CPU
		{7A80019B-1D47-4415-8763-D7C3ED9CC613}.Debug|iPhone.ActiveCfg = Debug|Any CPU
		{7A80019B-1D47-4415-8763-D7C3ED9CC613}.Debug|iPhone.Build.0 = Debug|Any CPU
		{7A80019B-1D47-4415-8763-D7C3ED9CC613}.Debug|iPhoneSimulator.ActiveCfg = Debug|Any CPU
		{7A80019B-1D47-4415-8763-D7C3ED9CC613}.Debug|iPhoneSimulator.Build.0 = Debug|Any CPU
		{7A80019B-1D47-4415-8763-D7C3ED9CC613}.Debug|x64.ActiveCfg = Debug|Any CPU
		{7A80019B-1D47-4415-8763-D7C3ED9CC613}.Debug|x64.Build.0 = Debug|Any CPU
		{7A80019B-1D47-4415-8763-D7C3ED9CC613}.Debug|x86.ActiveCfg = Debug|Any CPU
		{7A80019B-1D47-4415-8763-D7C3ED9CC613}.Debug|x86.Build.0 = Debug|Any CPU
		{7A80019B-1D47-4415-8763-D7C3ED9CC613}.Release|Any CPU.ActiveCfg = Release|Any CPU
		{7A80019B-1D47-4415-8763-D7C3ED9CC613}.Release|Any CPU.Build.0 = Release|Any CPU
		{7A80019B-1D47-4415-8763-D7C3ED9CC613}.Release|ARM.ActiveCfg = Release|Any CPU
		{7A80019B-1D47-4415-8763-D7C3ED9CC613}.Release|ARM.Build.0 = Release|Any CPU
		{7A80019B-1D47-4415-8763-D7C3ED9CC613}.Release|iPhone.ActiveCfg = Release|Any CPU
		{7A80019B-1D47-4415-8763-D7C3ED9CC613}.Release|iPhone.Build.0 = Release|Any CPU
		{7A80019B-1D47-4415-8763-D7C3ED9CC613}.Release|iPhoneSimulator.ActiveCfg = Release|Any CPU
		{7A80019B-1D47-4415-8763-D7C3ED9CC613}.Release|iPhoneSimulator.Build.0 = Release|Any CPU
		{7A80019B-1D47-4415-8763-D7C3ED9CC613}.Release|x64.ActiveCfg = Release|Any CPU
		{7A80019B-1D47-4415-8763-D7C3ED9CC613}.Release|x64.Build.0 = Release|Any CPU
		{7A80019B-1D47-4415-8763-D7C3ED9CC613}.Release|x86.ActiveCfg = Release|Any CPU
		{7A80019B-1D47-4415-8763-D7C3ED9CC613}.Release|x86.Build.0 = Release|Any CPU
		{FF317ABF-F7A9-443B-B00C-88B18A8C028C}.Ad-Hoc|Any CPU.ActiveCfg = Release|x86
		{FF317ABF-F7A9-443B-B00C-88B18A8C028C}.Ad-Hoc|Any CPU.Build.0 = Release|x86
		{FF317ABF-F7A9-443B-B00C-88B18A8C028C}.Ad-Hoc|Any CPU.Deploy.0 = Release|x86
		{FF317ABF-F7A9-443B-B00C-88B18A8C028C}.Ad-Hoc|ARM.ActiveCfg = Release|ARM
		{FF317ABF-F7A9-443B-B00C-88B18A8C028C}.Ad-Hoc|ARM.Build.0 = Release|ARM
		{FF317ABF-F7A9-443B-B00C-88B18A8C028C}.Ad-Hoc|ARM.Deploy.0 = Release|ARM
		{FF317ABF-F7A9-443B-B00C-88B18A8C028C}.Ad-Hoc|iPhone.ActiveCfg = Release|x86
		{FF317ABF-F7A9-443B-B00C-88B18A8C028C}.Ad-Hoc|iPhone.Build.0 = Release|x86
		{FF317ABF-F7A9-443B-B00C-88B18A8C028C}.Ad-Hoc|iPhone.Deploy.0 = Release|x86
		{FF317ABF-F7A9-443B-B00C-88B18A8C028C}.Ad-Hoc|iPhoneSimulator.ActiveCfg = Release|x86
		{FF317ABF-F7A9-443B-B00C-88B18A8C028C}.Ad-Hoc|iPhoneSimulator.Build.0 = Release|x86
		{FF317ABF-F7A9-443B-B00C-88B18A8C028C}.Ad-Hoc|iPhoneSimulator.Deploy.0 = Release|x86
		{FF317ABF-F7A9-443B-B00C-88B18A8C028C}.Ad-Hoc|x64.ActiveCfg = Release|x64
		{FF317ABF-F7A9-443B-B00C-88B18A8C028C}.Ad-Hoc|x64.Build.0 = Release|x64
		{FF317ABF-F7A9-443B-B00C-88B18A8C028C}.Ad-Hoc|x64.Deploy.0 = Release|x64
		{FF317ABF-F7A9-443B-B00C-88B18A8C028C}.Ad-Hoc|x86.ActiveCfg = Release|x86
		{FF317ABF-F7A9-443B-B00C-88B18A8C028C}.Ad-Hoc|x86.Build.0 = Release|x86
		{FF317ABF-F7A9-443B-B00C-88B18A8C028C}.Ad-Hoc|x86.Deploy.0 = Release|x86
		{FF317ABF-F7A9-443B-B00C-88B18A8C028C}.AppStore|Any CPU.ActiveCfg = Release|x86
		{FF317ABF-F7A9-443B-B00C-88B18A8C028C}.AppStore|Any CPU.Build.0 = Release|x86
		{FF317ABF-F7A9-443B-B00C-88B18A8C028C}.AppStore|Any CPU.Deploy.0 = Release|x86
		{FF317ABF-F7A9-443B-B00C-88B18A8C028C}.AppStore|ARM.ActiveCfg = Release|ARM
		{FF317ABF-F7A9-443B-B00C-88B18A8C028C}.AppStore|ARM.Build.0 = Release|ARM
		{FF317ABF-F7A9-443B-B00C-88B18A8C028C}.AppStore|ARM.Deploy.0 = Release|ARM
		{FF317ABF-F7A9-443B-B00C-88B18A8C028C}.AppStore|iPhone.ActiveCfg = Release|x86
		{FF317ABF-F7A9-443B-B00C-88B18A8C028C}.AppStore|iPhone.Build.0 = Release|x86
		{FF317ABF-F7A9-443B-B00C-88B18A8C028C}.AppStore|iPhone.Deploy.0 = Release|x86
		{FF317ABF-F7A9-443B-B00C-88B18A8C028C}.AppStore|iPhoneSimulator.ActiveCfg = Release|x86
		{FF317ABF-F7A9-443B-B00C-88B18A8C028C}.AppStore|iPhoneSimulator.Build.0 = Release|x86
		{FF317ABF-F7A9-443B-B00C-88B18A8C028C}.AppStore|iPhoneSimulator.Deploy.0 = Release|x86
		{FF317ABF-F7A9-443B-B00C-88B18A8C028C}.AppStore|x64.ActiveCfg = Release|x64
		{FF317ABF-F7A9-443B-B00C-88B18A8C028C}.AppStore|x64.Build.0 = Release|x64
		{FF317ABF-F7A9-443B-B00C-88B18A8C028C}.AppStore|x64.Deploy.0 = Release|x64
		{FF317ABF-F7A9-443B-B00C-88B18A8C028C}.AppStore|x86.ActiveCfg = Release|x86
		{FF317ABF-F7A9-443B-B00C-88B18A8C028C}.AppStore|x86.Build.0 = Release|x86
		{FF317ABF-F7A9-443B-B00C-88B18A8C028C}.AppStore|x86.Deploy.0 = Release|x86
		{FF317ABF-F7A9-443B-B00C-88B18A8C028C}.Debug|Any CPU.ActiveCfg = Debug|x86
		{FF317ABF-F7A9-443B-B00C-88B18A8C028C}.Debug|Any CPU.Build.0 = Debug|x86
		{FF317ABF-F7A9-443B-B00C-88B18A8C028C}.Debug|Any CPU.Deploy.0 = Debug|x86
		{FF317ABF-F7A9-443B-B00C-88B18A8C028C}.Debug|ARM.ActiveCfg = Debug|ARM
		{FF317ABF-F7A9-443B-B00C-88B18A8C028C}.Debug|ARM.Build.0 = Debug|ARM
		{FF317ABF-F7A9-443B-B00C-88B18A8C028C}.Debug|ARM.Deploy.0 = Debug|ARM
		{FF317ABF-F7A9-443B-B00C-88B18A8C028C}.Debug|iPhone.ActiveCfg = Debug|x86
		{FF317ABF-F7A9-443B-B00C-88B18A8C028C}.Debug|iPhoneSimulator.ActiveCfg = Debug|x86
		{FF317ABF-F7A9-443B-B00C-88B18A8C028C}.Debug|x64.ActiveCfg = Debug|x64
		{FF317ABF-F7A9-443B-B00C-88B18A8C028C}.Debug|x64.Build.0 = Debug|x64
		{FF317ABF-F7A9-443B-B00C-88B18A8C028C}.Debug|x64.Deploy.0 = Debug|x64
		{FF317ABF-F7A9-443B-B00C-88B18A8C028C}.Debug|x86.ActiveCfg = Debug|x86
		{FF317ABF-F7A9-443B-B00C-88B18A8C028C}.Debug|x86.Build.0 = Debug|x86
		{FF317ABF-F7A9-443B-B00C-88B18A8C028C}.Debug|x86.Deploy.0 = Debug|x86
		{FF317ABF-F7A9-443B-B00C-88B18A8C028C}.Release|Any CPU.ActiveCfg = Release|x86
		{FF317ABF-F7A9-443B-B00C-88B18A8C028C}.Release|ARM.ActiveCfg = Release|ARM
		{FF317ABF-F7A9-443B-B00C-88B18A8C028C}.Release|ARM.Build.0 = Release|ARM
		{FF317ABF-F7A9-443B-B00C-88B18A8C028C}.Release|ARM.Deploy.0 = Release|ARM
		{FF317ABF-F7A9-443B-B00C-88B18A8C028C}.Release|iPhone.ActiveCfg = Release|x86
		{FF317ABF-F7A9-443B-B00C-88B18A8C028C}.Release|iPhoneSimulator.ActiveCfg = Release|x86
		{FF317ABF-F7A9-443B-B00C-88B18A8C028C}.Release|x64.ActiveCfg = Release|x64
		{FF317ABF-F7A9-443B-B00C-88B18A8C028C}.Release|x64.Build.0 = Release|x64
		{FF317ABF-F7A9-443B-B00C-88B18A8C028C}.Release|x64.Deploy.0 = Release|x64
		{FF317ABF-F7A9-443B-B00C-88B18A8C028C}.Release|x86.ActiveCfg = Release|x86
		{FF317ABF-F7A9-443B-B00C-88B18A8C028C}.Release|x86.Build.0 = Release|x86
		{FF317ABF-F7A9-443B-B00C-88B18A8C028C}.Release|x86.Deploy.0 = Release|x86
		{F2FEBC97-763F-42E0-8057-B451A76E7E1C}.Ad-Hoc|Any CPU.ActiveCfg = Ad-Hoc|iPhone
		{F2FEBC97-763F-42E0-8057-B451A76E7E1C}.Ad-Hoc|ARM.ActiveCfg = Ad-Hoc|iPhone
		{F2FEBC97-763F-42E0-8057-B451A76E7E1C}.Ad-Hoc|iPhone.ActiveCfg = Ad-Hoc|iPhone
		{F2FEBC97-763F-42E0-8057-B451A76E7E1C}.Ad-Hoc|iPhone.Build.0 = Ad-Hoc|iPhone
		{F2FEBC97-763F-42E0-8057-B451A76E7E1C}.Ad-Hoc|iPhoneSimulator.ActiveCfg = Ad-Hoc|iPhoneSimulator
		{F2FEBC97-763F-42E0-8057-B451A76E7E1C}.Ad-Hoc|iPhoneSimulator.Build.0 = Ad-Hoc|iPhoneSimulator
		{F2FEBC97-763F-42E0-8057-B451A76E7E1C}.Ad-Hoc|x64.ActiveCfg = Ad-Hoc|iPhone
		{F2FEBC97-763F-42E0-8057-B451A76E7E1C}.Ad-Hoc|x86.ActiveCfg = Ad-Hoc|iPhone
		{F2FEBC97-763F-42E0-8057-B451A76E7E1C}.AppStore|Any CPU.ActiveCfg = AppStore|iPhone
		{F2FEBC97-763F-42E0-8057-B451A76E7E1C}.AppStore|ARM.ActiveCfg = AppStore|iPhone
		{F2FEBC97-763F-42E0-8057-B451A76E7E1C}.AppStore|iPhone.ActiveCfg = AppStore|iPhone
		{F2FEBC97-763F-42E0-8057-B451A76E7E1C}.AppStore|iPhone.Build.0 = AppStore|iPhone
		{F2FEBC97-763F-42E0-8057-B451A76E7E1C}.AppStore|iPhoneSimulator.ActiveCfg = AppStore|iPhoneSimulator
		{F2FEBC97-763F-42E0-8057-B451A76E7E1C}.AppStore|iPhoneSimulator.Build.0 = AppStore|iPhoneSimulator
		{F2FEBC97-763F-42E0-8057-B451A76E7E1C}.AppStore|x64.ActiveCfg = AppStore|iPhone
		{F2FEBC97-763F-42E0-8057-B451A76E7E1C}.AppStore|x86.ActiveCfg = AppStore|iPhone
		{F2FEBC97-763F-42E0-8057-B451A76E7E1C}.Debug|Any CPU.ActiveCfg = Debug|iPhone
		{F2FEBC97-763F-42E0-8057-B451A76E7E1C}.Debug|Any CPU.Build.0 = Debug|iPhone
		{F2FEBC97-763F-42E0-8057-B451A76E7E1C}.Debug|ARM.ActiveCfg = Debug|iPhone
		{F2FEBC97-763F-42E0-8057-B451A76E7E1C}.Debug|iPhone.ActiveCfg = Debug|iPhone
		{F2FEBC97-763F-42E0-8057-B451A76E7E1C}.Debug|iPhone.Build.0 = Debug|iPhone
		{F2FEBC97-763F-42E0-8057-B451A76E7E1C}.Debug|iPhoneSimulator.ActiveCfg = Debug|iPhoneSimulator
		{F2FEBC97-763F-42E0-8057-B451A76E7E1C}.Debug|iPhoneSimulator.Build.0 = Debug|iPhoneSimulator
		{F2FEBC97-763F-42E0-8057-B451A76E7E1C}.Debug|x64.ActiveCfg = Debug|iPhone
		{F2FEBC97-763F-42E0-8057-B451A76E7E1C}.Debug|x86.ActiveCfg = Debug|iPhone
		{F2FEBC97-763F-42E0-8057-B451A76E7E1C}.Release|Any CPU.ActiveCfg = Release|iPhone
		{F2FEBC97-763F-42E0-8057-B451A76E7E1C}.Release|ARM.ActiveCfg = Release|iPhone
		{F2FEBC97-763F-42E0-8057-B451A76E7E1C}.Release|iPhone.ActiveCfg = Release|iPhone
		{F2FEBC97-763F-42E0-8057-B451A76E7E1C}.Release|iPhone.Build.0 = Release|iPhone
		{F2FEBC97-763F-42E0-8057-B451A76E7E1C}.Release|iPhoneSimulator.ActiveCfg = Release|iPhoneSimulator
		{F2FEBC97-763F-42E0-8057-B451A76E7E1C}.Release|iPhoneSimulator.Build.0 = Release|iPhoneSimulator
		{F2FEBC97-763F-42E0-8057-B451A76E7E1C}.Release|x64.ActiveCfg = Release|iPhone
		{F2FEBC97-763F-42E0-8057-B451A76E7E1C}.Release|x86.ActiveCfg = Release|iPhone
	EndGlobalSection
	GlobalSection(SolutionProperties) = preSolution
		HideSolutionNode = FALSE
	EndGlobalSection
	GlobalSection(ExtensibilityGlobals) = postSolution
		SolutionGuid = {0DDE477A-3B3C-48B2-963F-F3F3EA33A9FF}
	EndGlobalSection
EndGlobal
